
Microsoft Visual Studio Solution File, Format Version 12.00
# Visual Studio Version 16
VisualStudioVersion = 16.0.31729.503
MinimumVisualStudioVersion = 10.0.40219.1
Project("{FAE04EC0-301F-11D3-BF4B-00C04F79EFBC}") = "ReallyJustATest_NoNeedToSave", "ReallyJustATest_NoNeedToSave\ReallyJustATest_NoNeedToSave.csproj", "{0232C5D0-05C0-44A5-BB63-75FFCD933AF2}"
EndProject
Global
	GlobalSection(SolutionConfigurationPlatforms) = preSolution
		Debug|Any CPU = Debug|Any CPU
		Release|Any CPU = Release|Any CPU
	EndGlobalSection
	GlobalSection(ProjectConfigurationPlatforms) = postSolution
		{0232C5D0-05C0-44A5-BB63-75FFCD933AF2}.Debug|Any CPU.ActiveCfg = Debug|Any CPU
		{0232C5D0-05C0-44A5-BB63-75FFCD933AF2}.Debug|Any CPU.Build.0 = Debug|Any CPU
		{0232C5D0-05C0-44A5-BB63-75FFCD933AF2}.Release|Any CPU.ActiveCfg = Release|Any CPU
		{0232C5D0-05C0-44A5-BB63-75FFCD933AF2}.Release|Any CPU.Build.0 = Release|Any CPU
	EndGlobalSection
	GlobalSection(SolutionProperties) = preSolution
		HideSolutionNode = FALSE
	EndGlobalSection
	GlobalSection(ExtensibilityGlobals) = postSolution
		SolutionGuid = {E9B1BE19-6008-44F7-9BCF-E710E4E7334C}
	EndGlobalSection
EndGlobal
