
Microsoft Visual Studio Solution File, Format Version 12.00
# Visual Studio Version 16
VisualStudioVersion = 16.0.31729.503
MinimumVisualStudioVersion = 10.0.40219.1
Project("{9A19103F-16F7-4668-BE54-9A1E7A4F7556}") = "UnityLesson_CSharp_program", "UnityLesson_CSharp_program\UnityLesson_CSharp_program.csproj", "{D31291ED-712E-444B-9ABC-DEA22BE097B0}"
EndProject
Project("{9A19103F-16F7-4668-BE54-9A1E7A4F7556}") = "UnityLesson_CSharp_IF", "UnityLesson_CSharp_IF\UnityLesson_CSharp_IF.csproj", "{1AC035E4-A05A-4859-92B5-00AC6A6F36A3}"
EndProject
Project("{9A19103F-16F7-4668-BE54-9A1E7A4F7556}") = "UnityLesson_CSharp_Variables", "UnityLesson_CSharp_Variables\UnityLesson_CSharp_Variables.csproj", "{3812F6EA-05D3-4FF8-9D9E-61A9F4ABB5ED}"
EndProject
Project("{9A19103F-16F7-4668-BE54-9A1E7A4F7556}") = "UnityLesson_CSharp_Function", "UnityLesson_CSharp_Function\UnityLesson_CSharp_Function.csproj", "{1D352D7C-FEDC-4E97-A8F6-605021AA8B64}"
EndProject
Project("{9A19103F-16F7-4668-BE54-9A1E7A4F7556}") = "UnityLesson_CSharp_VariableAndFunction", "UnityLesson_CSharp_VariableAndFunction\UnityLesson_CSharp_VariableAndFunction.csproj", "{9B324D2B-FE1B-4B8E-BB83-143343377EB9}"
EndProject
Project("{9A19103F-16F7-4668-BE54-9A1E7A4F7556}") = "UnityLesson_CSharp_Class_Object_Instance", "UnityLesson_CSharp_Class_Object_Instance\UnityLesson_CSharp_Class_Object_Instance.csproj", "{6CB5C0A3-9675-44A8-ACD0-627F275B6947}"
EndProject
Project("{9A19103F-16F7-4668-BE54-9A1E7A4F7556}") = "UnityLesson_CSharp_Variable_Function_Instance", "UnityLesson_CSharp_Variable_Function_Instance\UnityLesson_CSharp_Variable_Function_Instance.csproj", "{7A38481F-86B2-43CF-90A2-7A168D299C3C}"
EndProject
Project("{9A19103F-16F7-4668-BE54-9A1E7A4F7556}") = "UnityLesson_CSharp_StaticExample", "UnityLesson_CSharp_StaticExample\UnityLesson_CSharp_StaticExample.csproj", "{3245BD17-CDFE-4876-8B4B-9E2BFB107F06}"
EndProject
Project("{9A19103F-16F7-4668-BE54-9A1E7A4F7556}") = "UnityLesson_CSharp_ClassExample1", "UnityLesson_CSharp_ClassExample1\UnityLesson_CSharp_ClassExample1.csproj", "{86B592FB-A25D-4A0A-B4D0-B5FB4CBBC9A8}"
EndProject
Project("{9A19103F-16F7-4668-BE54-9A1E7A4F7556}") = "UnityLesson_CSharp_Operator", "UnityLesson_CSharp_Operator\UnityLesson_CSharp_Operator.csproj", "{9412F212-8559-41BF-854B-48965394B668}"
EndProject
Project("{9A19103F-16F7-4668-BE54-9A1E7A4F7556}") = "UnityLesson_CSharp_Array", "UnityLesson_CSharp_Array\UnityLesson_CSharp_Array.csproj", "{F1923F3E-6C43-4013-ACE3-C4239DAB9EDC}"
EndProject
Project("{9A19103F-16F7-4668-BE54-9A1E7A4F7556}") = "UnityLesson_CSharp_WhileLoop", "UnityLesson_CSharp_WhileLoop\UnityLesson_CSharp_WhileLoop.csproj", "{1EF7CBCC-B9F8-45EC-BD9D-0C78E4660450}"
EndProject
Project("{9A19103F-16F7-4668-BE54-9A1E7A4F7556}") = "UnityLesson_CSharp_ForLoop", "UnityLesson_CSharp_ForLoop\UnityLesson_CSharp_ForLoop.csproj", "{FFB96B7A-9526-4A88-909A-58C2470BA9C9}"
EndProject
Project("{9A19103F-16F7-4668-BE54-9A1E7A4F7556}") = "UnityLesson_CSharp_ForLoopExample", "UnityLesson_CSharp_ForLoopExample\UnityLesson_CSharp_ForLoopExample.csproj", "{03D79807-737A-424D-A2B9-885A551D978A}"
EndProject
Project("{9A19103F-16F7-4668-BE54-9A1E7A4F7556}") = "UnityLesson_CSharp_Collection", "UnityLesson_CSharp_Collection\UnityLesson_CSharp_Collection.csproj", "{D68AD03D-08D6-4D6A-9F1D-48E8EE836315}"
EndProject
Project("{9A19103F-16F7-4668-BE54-9A1E7A4F7556}") = "UnityLesson_CSharp_Enum", "UnityLesson_CSharp_Enum\UnityLesson_CSharp_Enum.csproj", "{FCCCE225-333C-440B-8A89-ED34B61FB426}"
EndProject
Project("{9A19103F-16F7-4668-BE54-9A1E7A4F7556}") = "UnityLesson_CSharp_Structure", "UnityLesson_CSharp_Structure\UnityLesson_CSharp_Structure.csproj", "{D60A5166-B9A8-4CE4-902A-564CA23FFC29}"
EndProject
Project("{9A19103F-16F7-4668-BE54-9A1E7A4F7556}") = "UnityLesson_CSharp_ClassDetails", "UnityLesson_CSharp_ClassDetails\UnityLesson_CSharp_ClassDetails.csproj", "{8FEF0573-BC32-49F6-A189-D57BEE5BB36A}"
EndProject
Project("{FAE04EC0-301F-11D3-BF4B-00C04F79EFBC}") = "UnityLesson_CSharp_ClassInheritance", "UnityLesson_CSharp_ClassInheritance\UnityLesson_CSharp_ClassInheritance.csproj", "{6CF0C644-D087-461F-9403-E6BC7BD8A98A}"
EndProject
Global
	GlobalSection(SolutionConfigurationPlatforms) = preSolution
		Debug|Any CPU = Debug|Any CPU
		Release|Any CPU = Release|Any CPU
	EndGlobalSection
	GlobalSection(ProjectConfigurationPlatforms) = postSolution
		{D31291ED-712E-444B-9ABC-DEA22BE097B0}.Debug|Any CPU.ActiveCfg = Debug|Any CPU
		{D31291ED-712E-444B-9ABC-DEA22BE097B0}.Debug|Any CPU.Build.0 = Debug|Any CPU
		{D31291ED-712E-444B-9ABC-DEA22BE097B0}.Release|Any CPU.ActiveCfg = Release|Any CPU
		{D31291ED-712E-444B-9ABC-DEA22BE097B0}.Release|Any CPU.Build.0 = Release|Any CPU
		{1AC035E4-A05A-4859-92B5-00AC6A6F36A3}.Debug|Any CPU.ActiveCfg = Debug|Any CPU
		{1AC035E4-A05A-4859-92B5-00AC6A6F36A3}.Debug|Any CPU.Build.0 = Debug|Any CPU
		{1AC035E4-A05A-4859-92B5-00AC6A6F36A3}.Release|Any CPU.ActiveCfg = Release|Any CPU
		{1AC035E4-A05A-4859-92B5-00AC6A6F36A3}.Release|Any CPU.Build.0 = Release|Any CPU
		{3812F6EA-05D3-4FF8-9D9E-61A9F4ABB5ED}.Debug|Any CPU.ActiveCfg = Debug|Any CPU
		{3812F6EA-05D3-4FF8-9D9E-61A9F4ABB5ED}.Debug|Any CPU.Build.0 = Debug|Any CPU
		{3812F6EA-05D3-4FF8-9D9E-61A9F4ABB5ED}.Release|Any CPU.ActiveCfg = Release|Any CPU
		{3812F6EA-05D3-4FF8-9D9E-61A9F4ABB5ED}.Release|Any CPU.Build.0 = Release|Any CPU
		{1D352D7C-FEDC-4E97-A8F6-605021AA8B64}.Debug|Any CPU.ActiveCfg = Debug|Any CPU
		{1D352D7C-FEDC-4E97-A8F6-605021AA8B64}.Debug|Any CPU.Build.0 = Debug|Any CPU
		{1D352D7C-FEDC-4E97-A8F6-605021AA8B64}.Release|Any CPU.ActiveCfg = Release|Any CPU
		{1D352D7C-FEDC-4E97-A8F6-605021AA8B64}.Release|Any CPU.Build.0 = Release|Any CPU
		{9B324D2B-FE1B-4B8E-BB83-143343377EB9}.Debug|Any CPU.ActiveCfg = Debug|Any CPU
		{9B324D2B-FE1B-4B8E-BB83-143343377EB9}.Debug|Any CPU.Build.0 = Debug|Any CPU
		{9B324D2B-FE1B-4B8E-BB83-143343377EB9}.Release|Any CPU.ActiveCfg = Release|Any CPU
		{9B324D2B-FE1B-4B8E-BB83-143343377EB9}.Release|Any CPU.Build.0 = Release|Any CPU
		{6CB5C0A3-9675-44A8-ACD0-627F275B6947}.Debug|Any CPU.ActiveCfg = Debug|Any CPU
		{6CB5C0A3-9675-44A8-ACD0-627F275B6947}.Debug|Any CPU.Build.0 = Debug|Any CPU
		{6CB5C0A3-9675-44A8-ACD0-627F275B6947}.Release|Any CPU.ActiveCfg = Release|Any CPU
		{6CB5C0A3-9675-44A8-ACD0-627F275B6947}.Release|Any CPU.Build.0 = Release|Any CPU
		{7A38481F-86B2-43CF-90A2-7A168D299C3C}.Debug|Any CPU.ActiveCfg = Debug|Any CPU
		{7A38481F-86B2-43CF-90A2-7A168D299C3C}.Debug|Any CPU.Build.0 = Debug|Any CPU
		{7A38481F-86B2-43CF-90A2-7A168D299C3C}.Release|Any CPU.ActiveCfg = Release|Any CPU
		{7A38481F-86B2-43CF-90A2-7A168D299C3C}.Release|Any CPU.Build.0 = Release|Any CPU
		{3245BD17-CDFE-4876-8B4B-9E2BFB107F06}.Debug|Any CPU.ActiveCfg = Debug|Any CPU
		{3245BD17-CDFE-4876-8B4B-9E2BFB107F06}.Debug|Any CPU.Build.0 = Debug|Any CPU
		{3245BD17-CDFE-4876-8B4B-9E2BFB107F06}.Release|Any CPU.ActiveCfg = Release|Any CPU
		{3245BD17-CDFE-4876-8B4B-9E2BFB107F06}.Release|Any CPU.Build.0 = Release|Any CPU
		{86B592FB-A25D-4A0A-B4D0-B5FB4CBBC9A8}.Debug|Any CPU.ActiveCfg = Debug|Any CPU
		{86B592FB-A25D-4A0A-B4D0-B5FB4CBBC9A8}.Debug|Any CPU.Build.0 = Debug|Any CPU
		{86B592FB-A25D-4A0A-B4D0-B5FB4CBBC9A8}.Release|Any CPU.ActiveCfg = Release|Any CPU
		{86B592FB-A25D-4A0A-B4D0-B5FB4CBBC9A8}.Release|Any CPU.Build.0 = Release|Any CPU
		{9412F212-8559-41BF-854B-48965394B668}.Debug|Any CPU.ActiveCfg = Debug|Any CPU
		{9412F212-8559-41BF-854B-48965394B668}.Debug|Any CPU.Build.0 = Debug|Any CPU
		{9412F212-8559-41BF-854B-48965394B668}.Release|Any CPU.ActiveCfg = Release|Any CPU
		{9412F212-8559-41BF-854B-48965394B668}.Release|Any CPU.Build.0 = Release|Any CPU
		{F1923F3E-6C43-4013-ACE3-C4239DAB9EDC}.Debug|Any CPU.ActiveCfg = Debug|Any CPU
		{F1923F3E-6C43-4013-ACE3-C4239DAB9EDC}.Debug|Any CPU.Build.0 = Debug|Any CPU
		{F1923F3E-6C43-4013-ACE3-C4239DAB9EDC}.Release|Any CPU.ActiveCfg = Release|Any CPU
		{F1923F3E-6C43-4013-ACE3-C4239DAB9EDC}.Release|Any CPU.Build.0 = Release|Any CPU
		{1EF7CBCC-B9F8-45EC-BD9D-0C78E4660450}.Debug|Any CPU.ActiveCfg = Debug|Any CPU
		{1EF7CBCC-B9F8-45EC-BD9D-0C78E4660450}.Debug|Any CPU.Build.0 = Debug|Any CPU
		{1EF7CBCC-B9F8-45EC-BD9D-0C78E4660450}.Release|Any CPU.ActiveCfg = Release|Any CPU
		{1EF7CBCC-B9F8-45EC-BD9D-0C78E4660450}.Release|Any CPU.Build.0 = Release|Any CPU
		{FFB96B7A-9526-4A88-909A-58C2470BA9C9}.Debug|Any CPU.ActiveCfg = Debug|Any CPU
		{FFB96B7A-9526-4A88-909A-58C2470BA9C9}.Debug|Any CPU.Build.0 = Debug|Any CPU
		{FFB96B7A-9526-4A88-909A-58C2470BA9C9}.Release|Any CPU.ActiveCfg = Release|Any CPU
		{FFB96B7A-9526-4A88-909A-58C2470BA9C9}.Release|Any CPU.Build.0 = Release|Any CPU
		{03D79807-737A-424D-A2B9-885A551D978A}.Debug|Any CPU.ActiveCfg = Debug|Any CPU
		{03D79807-737A-424D-A2B9-885A551D978A}.Debug|Any CPU.Build.0 = Debug|Any CPU
		{03D79807-737A-424D-A2B9-885A551D978A}.Release|Any CPU.ActiveCfg = Release|Any CPU
		{03D79807-737A-424D-A2B9-885A551D978A}.Release|Any CPU.Build.0 = Release|Any CPU
		{D68AD03D-08D6-4D6A-9F1D-48E8EE836315}.Debug|Any CPU.ActiveCfg = Debug|Any CPU
		{D68AD03D-08D6-4D6A-9F1D-48E8EE836315}.Debug|Any CPU.Build.0 = Debug|Any CPU
		{D68AD03D-08D6-4D6A-9F1D-48E8EE836315}.Release|Any CPU.ActiveCfg = Release|Any CPU
		{D68AD03D-08D6-4D6A-9F1D-48E8EE836315}.Release|Any CPU.Build.0 = Release|Any CPU
		{FCCCE225-333C-440B-8A89-ED34B61FB426}.Debug|Any CPU.ActiveCfg = Debug|Any CPU
		{FCCCE225-333C-440B-8A89-ED34B61FB426}.Debug|Any CPU.Build.0 = Debug|Any CPU
		{FCCCE225-333C-440B-8A89-ED34B61FB426}.Release|Any CPU.ActiveCfg = Release|Any CPU
		{FCCCE225-333C-440B-8A89-ED34B61FB426}.Release|Any CPU.Build.0 = Release|Any CPU
		{D60A5166-B9A8-4CE4-902A-564CA23FFC29}.Debug|Any CPU.ActiveCfg = Debug|Any CPU
		{D60A5166-B9A8-4CE4-902A-564CA23FFC29}.Debug|Any CPU.Build.0 = Debug|Any CPU
		{D60A5166-B9A8-4CE4-902A-564CA23FFC29}.Release|Any CPU.ActiveCfg = Release|Any CPU
		{D60A5166-B9A8-4CE4-902A-564CA23FFC29}.Release|Any CPU.Build.0 = Release|Any CPU
		{8FEF0573-BC32-49F6-A189-D57BEE5BB36A}.Debug|Any CPU.ActiveCfg = Debug|Any CPU
		{8FEF0573-BC32-49F6-A189-D57BEE5BB36A}.Debug|Any CPU.Build.0 = Debug|Any CPU
		{8FEF0573-BC32-49F6-A189-D57BEE5BB36A}.Release|Any CPU.ActiveCfg = Release|Any CPU
		{8FEF0573-BC32-49F6-A189-D57BEE5BB36A}.Release|Any CPU.Build.0 = Release|Any CPU
		{6CF0C644-D087-461F-9403-E6BC7BD8A98A}.Debug|Any CPU.ActiveCfg = Debug|Any CPU
		{6CF0C644-D087-461F-9403-E6BC7BD8A98A}.Debug|Any CPU.Build.0 = Debug|Any CPU
		{6CF0C644-D087-461F-9403-E6BC7BD8A98A}.Release|Any CPU.ActiveCfg = Release|Any CPU
		{6CF0C644-D087-461F-9403-E6BC7BD8A98A}.Release|Any CPU.Build.0 = Release|Any CPU
	EndGlobalSection
	GlobalSection(SolutionProperties) = preSolution
		HideSolutionNode = FALSE
	EndGlobalSection
	GlobalSection(ExtensibilityGlobals) = postSolution
		SolutionGuid = {0EC07082-F29A-4E73-B8ED-00C99DF38F44}
	EndGlobalSection
EndGlobal
